
Microsoft Visual Studio Solution File, Format Version 12.00
# Visual Studio 15
VisualStudioVersion = 15.0.26730.3
MinimumVisualStudioVersion = 10.0.40219.1
Project("{9A19103F-16F7-4668-BE54-9A1E7A4F7556}") = "DomainModel", "DomainModel\DomainModel.csproj", "{DDCC25DA-29E9-43B1-A212-961A336CF794}"
EndProject
Project("{9A19103F-16F7-4668-BE54-9A1E7A4F7556}") = "ApplicationLayer", "ApplicationLayer\ApplicationLayer.csproj", "{BA908C86-0A13-44C9-B0CD-51CE61F0DB88}"
EndProject
Project("{9A19103F-16F7-4668-BE54-9A1E7A4F7556}") = "IntegrationTests", "..\test\IntegrationTests\IntegrationTests.csproj", "{F0FE0989-13A5-45AD-874B-C760E8E728D7}"
EndProject
Project("{9A19103F-16F7-4668-BE54-9A1E7A4F7556}") = "UnitTests", "..\test\UnitTests\UnitTests.csproj", "{15DEEEEE-4487-4127-9345-A935B831101E}"
EndProject
Project("{FAE04EC0-301F-11D3-BF4B-00C04F79EFBC}") = "WebApp", "WebApp\WebApp.csproj", "{F4CAE19A-CF97-48A5-B81A-00DBE6402B37}"
EndProject
Global
	GlobalSection(SolutionConfigurationPlatforms) = preSolution
		Debug|Any CPU = Debug|Any CPU
		Release|Any CPU = Release|Any CPU
	EndGlobalSection
	GlobalSection(ProjectConfigurationPlatforms) = postSolution
		{DDCC25DA-29E9-43B1-A212-961A336CF794}.Debug|Any CPU.ActiveCfg = Debug|Any CPU
		{DDCC25DA-29E9-43B1-A212-961A336CF794}.Debug|Any CPU.Build.0 = Debug|Any CPU
		{DDCC25DA-29E9-43B1-A212-961A336CF794}.Release|Any CPU.ActiveCfg = Release|Any CPU
		{DDCC25DA-29E9-43B1-A212-961A336CF794}.Release|Any CPU.Build.0 = Release|Any CPU
		{BA908C86-0A13-44C9-B0CD-51CE61F0DB88}.Debug|Any CPU.ActiveCfg = Debug|Any CPU
		{BA908C86-0A13-44C9-B0CD-51CE61F0DB88}.Debug|Any CPU.Build.0 = Debug|Any CPU
		{BA908C86-0A13-44C9-B0CD-51CE61F0DB88}.Release|Any CPU.ActiveCfg = Release|Any CPU
		{BA908C86-0A13-44C9-B0CD-51CE61F0DB88}.Release|Any CPU.Build.0 = Release|Any CPU
		{F0FE0989-13A5-45AD-874B-C760E8E728D7}.Debug|Any CPU.ActiveCfg = Debug|Any CPU
		{F0FE0989-13A5-45AD-874B-C760E8E728D7}.Debug|Any CPU.Build.0 = Debug|Any CPU
		{F0FE0989-13A5-45AD-874B-C760E8E728D7}.Release|Any CPU.ActiveCfg = Release|Any CPU
		{F0FE0989-13A5-45AD-874B-C760E8E728D7}.Release|Any CPU.Build.0 = Release|Any CPU
		{15DEEEEE-4487-4127-9345-A935B831101E}.Debug|Any CPU.ActiveCfg = Debug|Any CPU
		{15DEEEEE-4487-4127-9345-A935B831101E}.Debug|Any CPU.Build.0 = Debug|Any CPU
		{15DEEEEE-4487-4127-9345-A935B831101E}.Release|Any CPU.ActiveCfg = Release|Any CPU
		{15DEEEEE-4487-4127-9345-A935B831101E}.Release|Any CPU.Build.0 = Release|Any CPU
		{F4CAE19A-CF97-48A5-B81A-00DBE6402B37}.Debug|Any CPU.ActiveCfg = Debug|Any CPU
		{F4CAE19A-CF97-48A5-B81A-00DBE6402B37}.Debug|Any CPU.Build.0 = Debug|Any CPU
		{F4CAE19A-CF97-48A5-B81A-00DBE6402B37}.Release|Any CPU.ActiveCfg = Release|Any CPU
		{F4CAE19A-CF97-48A5-B81A-00DBE6402B37}.Release|Any CPU.Build.0 = Release|Any CPU
	EndGlobalSection
	GlobalSection(SolutionProperties) = preSolution
		HideSolutionNode = FALSE
	EndGlobalSection
	GlobalSection(ExtensibilityGlobals) = postSolution
		SolutionGuid = {01444F13-6759-4631-B927-7F24284F15F9}
	EndGlobalSection
EndGlobal
